<?xml version="1.0" encoding="utf-8"?>
<Project ToolsVersion="4.0" xmlns="http://schemas.microsoft.com/developer/msbuild/2003">
  <ItemGroup>
    <Filter Include="Source Files">
      <UniqueIdentifier>{4FC737F1-C7A5-4376-A066-2A32D752A2FF}</UniqueIdentifier>
      <Extensions>cpp;c;cc;cxx;c++;def;odl;idl;hpj;bat;asm;asmx</Extensions>
    </Filter>
    <Filter Include="Header Files">
      <UniqueIdentifier>{93995380-89BD-4b04-88EB-625FBE52EBFB}</UniqueIdentifier>
      <Extensions>h;hh;hpp;hxx;h++;hm;inl;inc;ipp;xsd</Extensions>
    </Filter>
    <Filter Include="Resource Files">
      <UniqueIdentifier>{67DA6AB6-F800-4c08-8B7A-83BB121AAD01}</UniqueIdentifier>
      <Extensions>rc;ico;cur;bmp;dlg;rc2;rct;bin;rgs;gif;jpg;jpeg;jpe;resx;tiff;tif;png;wav;mfcribbon-ms</Extensions>
    </Filter>
    <Filter Include="Header Files\Sockets">
      <UniqueIdentifier>{aefd2b0a-3e29-4a88-b257-57020e5488a2}</UniqueIdentifier>
    </Filter>
    <Filter Include="Source Files\Sockets">
      <UniqueIdentifier>{48125fd8-a240-4ae0-a178-7d7ffb4e9dc7}</UniqueIdentifier>
    </Filter>
    <Filter Include="Header Files\Serialization">
      <UniqueIdentifier>{25009957-fa0d-45f1-a5a4-aa3019affdef}</UniqueIdentifier>
    </Filter>
    <Filter Include="Source Files\Serialization">
      <UniqueIdentifier>{0fa1e6cc-6c98-46f3-b6aa-e4a098314fda}</UniqueIdentifier>
    </Filter>
    <Filter Include="Source Files\Models">
      <UniqueIdentifier>{e16a1916-7614-4e16-85df-f9f7636f6486}</UniqueIdentifier>
    </Filter>
    <Filter Include="Header Files\Models">
      <UniqueIdentifier>{d1fa6e73-8e33-468a-9220-64a8fea93f81}</UniqueIdentifier>
    </Filter>
  </ItemGroup>
  <ItemGroup>
    <ClInclude Include="IPAddressFactory.h">
      <Filter>Header Files\Sockets</Filter>
    </ClInclude>
    <ClInclude Include="Shared.h">
      <Filter>Header Files\Sockets</Filter>
    </ClInclude>
    <ClInclude Include="SocketAddress.h">
      <Filter>Header Files\Sockets</Filter>
    </ClInclude>
    <ClInclude Include="SocketUtil.h">
      <Filter>Header Files\Sockets</Filter>
    </ClInclude>
    <ClInclude Include="TCPServer.h">
      <Filter>Header Files\Sockets</Filter>
    </ClInclude>
    <ClInclude Include="TCPSocket.h">
      <Filter>Header Files\Sockets</Filter>
    </ClInclude>
    <ClInclude Include="UDPSocket.h">
      <Filter>Header Files\Sockets</Filter>
    </ClInclude>
    <ClInclude Include="InputMemoryBitStream.h">
      <Filter>Header Files\Serialization</Filter>
    </ClInclude>
    <ClInclude Include="InputMemoryStream.h">
      <Filter>Header Files\Serialization</Filter>
    </ClInclude>
    <ClInclude Include="MemberVariable.h">
      <Filter>Header Files\Serialization</Filter>
    </ClInclude>
    <ClInclude Include="MemoryStream.h">
      <Filter>Header Files\Serialization</Filter>
    </ClInclude>
    <ClInclude Include="OutputMemoryBitStream.h">
      <Filter>Header Files\Serialization</Filter>
    </ClInclude>
    <ClInclude Include="OutputMemoryStream.h">
      <Filter>Header Files\Serialization</Filter>
    </ClInclude>
    <ClInclude Include="TestClass.h">
      <Filter>Header Files\Serialization</Filter>
    </ClInclude>
    <ClInclude Include="ByteSwap.h">
      <Filter>Header Files\Serialization</Filter>
    </ClInclude>
    <ClInclude Include="CellModel.h">
      <Filter>Header Files\Models</Filter>
    </ClInclude>
    <ClInclude Include="CellState.h">
      <Filter>Header Files\Models</Filter>
    </ClInclude>
    <ClInclude Include="GameBoard.h">
      <Filter>Header Files\Models</Filter>
    </ClInclude>
    <ClInclude Include="PlayerMove.h">
      <Filter>Header Files\Models</Filter>
    </ClInclude>
  </ItemGroup>
  <ItemGroup>
    <ClCompile Include="UDPSocket.cpp">
      <Filter>Source Files\Sockets</Filter>
    </ClCompile>
    <ClCompile Include="TCPSocket.cpp">
      <Filter>Source Files\Sockets</Filter>
    </ClCompile>
    <ClCompile Include="TCPServer.cpp">
      <Filter>Source Files\Sockets</Filter>
    </ClCompile>
    <ClCompile Include="SocketUtil.cpp">
      <Filter>Source Files\Sockets</Filter>
    </ClCompile>
    <ClCompile Include="SocketAddress.cpp">
      <Filter>Source Files\Sockets</Filter>
    </ClCompile>
    <ClCompile Include="IPAddressFactory.cpp">
      <Filter>Source Files\Sockets</Filter>
    </ClCompile>
    <ClCompile Include="InputMemoryBitStream.cpp">
      <Filter>Source Files\Serialization</Filter>
    </ClCompile>
    <ClCompile Include="InputMemoryStream.cpp">
      <Filter>Source Files\Serialization</Filter>
    </ClCompile>
    <ClCompile Include="OutputMemoryBitStream.cpp">
      <Filter>Source Files\Serialization</Filter>
    </ClCompile>
    <ClCompile Include="OutputMemoryStream.cpp">
      <Filter>Source Files\Serialization</Filter>
    </ClCompile>
    <ClCompile Include="TestClass.cpp">
      <Filter>Source Files\Serialization</Filter>
    </ClCompile>
    <ClCompile Include="main.cpp">
      <Filter>Source Files</Filter>
    </ClCompile>
    <ClCompile Include="main_tcp_server.cpp">
      <Filter>Source Files</Filter>
    </ClCompile>
    <ClCompile Include="CellModel.cpp">
      <Filter>Source Files\Models</Filter>
    </ClCompile>
    <ClCompile Include="GameBoard.cpp">
      <Filter>Source Files\Models</Filter>
    </ClCompile>
    <ClCompile Include="PlayerMove.cpp">
      <Filter>Source Files\Models</Filter>
    </ClCompile>
  </ItemGroup>
</Project>